
Microsoft Visual Studio Solution File, Format Version 12.00
# Visual Studio Version 17
VisualStudioVersion = 17.6.33717.318
MinimumVisualStudioVersion = 10.0.40219.1
Project("{9A19103F-16F7-4668-BE54-9A1E7A4F7556}") = "ResumeGenerator.API", "ResumeGenerator.API\ResumeGenerator.API.csproj", "{EA0F13F8-F393-496C-9413-DE027FB79746}"
EndProject
Project("{9A19103F-16F7-4668-BE54-9A1E7A4F7556}") = "ResumeGenerator.Core", "ResumeGenerator.Core\ResumeGenerator.Core.csproj", "{63D64634-9A7C-4BBD-BAEC-2B67CE1E53DC}"
EndProject
Project("{FAE04EC0-301F-11D3-BF4B-00C04F79EFBC}") = "ResumeGenerator.Services", "ResumeGenerator.Services\ResumeGenerator.Services.csproj", "{F3F03234-10B9-49D9-A80B-394DB970B854}"
EndProject
Global
	GlobalSection(SolutionConfigurationPlatforms) = preSolution
		Debug|Any CPU = Debug|Any CPU
		Release|Any CPU = Release|Any CPU
	EndGlobalSection
	GlobalSection(ProjectConfigurationPlatforms) = postSolution
		{EA0F13F8-F393-496C-9413-DE027FB79746}.Debug|Any CPU.ActiveCfg = Debug|Any CPU
		{EA0F13F8-F393-496C-9413-DE027FB79746}.Debug|Any CPU.Build.0 = Debug|Any CPU
		{EA0F13F8-F393-496C-9413-DE027FB79746}.Release|Any CPU.ActiveCfg = Release|Any CPU
		{EA0F13F8-F393-496C-9413-DE027FB79746}.Release|Any CPU.Build.0 = Release|Any CPU
		{63D64634-9A7C-4BBD-BAEC-2B67CE1E53DC}.Debug|Any CPU.ActiveCfg = Debug|Any CPU
		{63D64634-9A7C-4BBD-BAEC-2B67CE1E53DC}.Debug|Any CPU.Build.0 = Debug|Any CPU
		{63D64634-9A7C-4BBD-BAEC-2B67CE1E53DC}.Release|Any CPU.ActiveCfg = Release|Any CPU
		{63D64634-9A7C-4BBD-BAEC-2B67CE1E53DC}.Release|Any CPU.Build.0 = Release|Any CPU
		{F3F03234-10B9-49D9-A80B-394DB970B854}.Debug|Any CPU.ActiveCfg = Debug|Any CPU
		{F3F03234-10B9-49D9-A80B-394DB970B854}.Debug|Any CPU.Build.0 = Debug|Any CPU
		{F3F03234-10B9-49D9-A80B-394DB970B854}.Release|Any CPU.ActiveCfg = Release|Any CPU
		{F3F03234-10B9-49D9-A80B-394DB970B854}.Release|Any CPU.Build.0 = Release|Any CPU
	EndGlobalSection
	GlobalSection(SolutionProperties) = preSolution
		HideSolutionNode = FALSE
	EndGlobalSection
	GlobalSection(ExtensibilityGlobals) = postSolution
		SolutionGuid = {2D6954CD-E307-4583-B1AB-E83F59F4728D}
	EndGlobalSection
EndGlobal
